
Microsoft Visual Studio Solution File, Format Version 12.00
# Visual Studio 15
VisualStudioVersion = 15.0.27703.2035
MinimumVisualStudioVersion = 10.0.40219.1
Project("{2150E333-8FDC-42A3-9474-1A3956D46DE8}") = "src", "src", "{26716D55-30F0-4516-808B-7D08E8FB77B1}"
EndProject
Project("{FAE04EC0-301F-11D3-BF4B-00C04F79EFBC}") = "SamuraiAppCore.Data", "src\SamuraiAppCore.Data\SamuraiAppCore.Data.csproj", "{BE570211-9C21-49AD-89FB-5D4F9FFF0AA9}"
EndProject
Project("{9A19103F-16F7-4668-BE54-9A1E7A4F7556}") = "SamuraiAppCore.Domain", "src\SamuraiAppCore.Domain\SamuraiAppCore.Domain.csproj", "{E83D3E46-2E26-4374-A02C-9EF607939804}"
EndProject
Global
	GlobalSection(SolutionConfigurationPlatforms) = preSolution
		Debug|Any CPU = Debug|Any CPU
		Release|Any CPU = Release|Any CPU
	EndGlobalSection
	GlobalSection(ProjectConfigurationPlatforms) = postSolution
		{BE570211-9C21-49AD-89FB-5D4F9FFF0AA9}.Debug|Any CPU.ActiveCfg = Debug|Any CPU
		{BE570211-9C21-49AD-89FB-5D4F9FFF0AA9}.Debug|Any CPU.Build.0 = Debug|Any CPU
		{BE570211-9C21-49AD-89FB-5D4F9FFF0AA9}.Release|Any CPU.ActiveCfg = Release|Any CPU
		{BE570211-9C21-49AD-89FB-5D4F9FFF0AA9}.Release|Any CPU.Build.0 = Release|Any CPU
		{E83D3E46-2E26-4374-A02C-9EF607939804}.Debug|Any CPU.ActiveCfg = Debug|Any CPU
		{E83D3E46-2E26-4374-A02C-9EF607939804}.Debug|Any CPU.Build.0 = Debug|Any CPU
		{E83D3E46-2E26-4374-A02C-9EF607939804}.Release|Any CPU.ActiveCfg = Release|Any CPU
		{E83D3E46-2E26-4374-A02C-9EF607939804}.Release|Any CPU.Build.0 = Release|Any CPU
	EndGlobalSection
	GlobalSection(SolutionProperties) = preSolution
		HideSolutionNode = FALSE
	EndGlobalSection
	GlobalSection(NestedProjects) = preSolution
		{BE570211-9C21-49AD-89FB-5D4F9FFF0AA9} = {26716D55-30F0-4516-808B-7D08E8FB77B1}
		{E83D3E46-2E26-4374-A02C-9EF607939804} = {26716D55-30F0-4516-808B-7D08E8FB77B1}
	EndGlobalSection
	GlobalSection(ExtensibilityGlobals) = postSolution
		SolutionGuid = {DA2287A6-BB7C-4016-86F9-120868F4D544}
	EndGlobalSection
EndGlobal
